
Microsoft Visual Studio Solution File, Format Version 12.00
# Visual Studio 15
VisualStudioVersion = 15.0.33026.149
MinimumVisualStudioVersion = 10.0.40219.1
Project("{8BC9CEB8-8B4A-11D0-8D11-00A0C91BC942}") = "Task6", "Task6\Task6.vcxproj", "{4200B89A-003D-4D43-BF2B-7A468C2E85BE}"
EndProject
Global
	GlobalSection(SolutionConfigurationPlatforms) = preSolution
		Debug|x64 = Debug|x64
		Debug|x86 = Debug|x86
		Release|x64 = Release|x64
		Release|x86 = Release|x86
	EndGlobalSection
	GlobalSection(ProjectConfigurationPlatforms) = postSolution
		{4200B89A-003D-4D43-BF2B-7A468C2E85BE}.Debug|x64.ActiveCfg = Debug|x64
		{4200B89A-003D-4D43-BF2B-7A468C2E85BE}.Debug|x64.Build.0 = Debug|x64
		{4200B89A-003D-4D43-BF2B-7A468C2E85BE}.Debug|x86.ActiveCfg = Debug|Win32
		{4200B89A-003D-4D43-BF2B-7A468C2E85BE}.Debug|x86.Build.0 = Debug|Win32
		{4200B89A-003D-4D43-BF2B-7A468C2E85BE}.Release|x64.ActiveCfg = Release|x64
		{4200B89A-003D-4D43-BF2B-7A468C2E85BE}.Release|x64.Build.0 = Release|x64
		{4200B89A-003D-4D43-BF2B-7A468C2E85BE}.Release|x86.ActiveCfg = Release|Win32
		{4200B89A-003D-4D43-BF2B-7A468C2E85BE}.Release|x86.Build.0 = Release|Win32
	EndGlobalSection
	GlobalSection(SolutionProperties) = preSolution
		HideSolutionNode = FALSE
	EndGlobalSection
	GlobalSection(ExtensibilityGlobals) = postSolution
		SolutionGuid = {C25E1C85-D50E-4F58-A5AE-5695DDDD40AD}
	EndGlobalSection
EndGlobal
